
Microsoft Visual Studio Solution File, Format Version 12.00
# Visual Studio 15
VisualStudioVersion = 15.0.28010.2046
MinimumVisualStudioVersion = 10.0.40219.1
Project("{9A19103F-16F7-4668-BE54-9A1E7A4F7556}") = "OdinCM", "OdinCM\OdinCM.csproj", "{07E61198-1AE2-4337-98E0-E3C821D0CBC4}"
EndProject
Project("{FAE04EC0-301F-11D3-BF4B-00C04F79EFBC}") = "OdinCM.Test", "OdinCM.Test\OdinCM.Test.csproj", "{5B4BE416-2A3E-45CB-AA98-977DA2A36914}"
EndProject
Global
	GlobalSection(SolutionConfigurationPlatforms) = preSolution
		Debug|Any CPU = Debug|Any CPU
		Release|Any CPU = Release|Any CPU
	EndGlobalSection
	GlobalSection(ProjectConfigurationPlatforms) = postSolution
		{07E61198-1AE2-4337-98E0-E3C821D0CBC4}.Debug|Any CPU.ActiveCfg = Debug|Any CPU
		{07E61198-1AE2-4337-98E0-E3C821D0CBC4}.Debug|Any CPU.Build.0 = Debug|Any CPU
		{07E61198-1AE2-4337-98E0-E3C821D0CBC4}.Release|Any CPU.ActiveCfg = Release|Any CPU
		{07E61198-1AE2-4337-98E0-E3C821D0CBC4}.Release|Any CPU.Build.0 = Release|Any CPU
		{5B4BE416-2A3E-45CB-AA98-977DA2A36914}.Debug|Any CPU.ActiveCfg = Debug|Any CPU
		{5B4BE416-2A3E-45CB-AA98-977DA2A36914}.Debug|Any CPU.Build.0 = Debug|Any CPU
		{5B4BE416-2A3E-45CB-AA98-977DA2A36914}.Release|Any CPU.ActiveCfg = Release|Any CPU
		{5B4BE416-2A3E-45CB-AA98-977DA2A36914}.Release|Any CPU.Build.0 = Release|Any CPU
	EndGlobalSection
	GlobalSection(SolutionProperties) = preSolution
		HideSolutionNode = FALSE
	EndGlobalSection
	GlobalSection(ExtensibilityGlobals) = postSolution
		SolutionGuid = {CBA40FE3-2BCD-465E-81A5-31E253C9FAD6}
	EndGlobalSection
EndGlobal
